// !$*UTF8*$!
{
	archiveVersion = 1;
	classes = {
	};
	objectVersion = 55;
	objects = {

/* Begin PBXBuildFile section */
		C47B927C286235ED00E767D3 /* InsetFactView.swift in Sources */ = {isa = PBXBuildFile; fileRef = C47B927B286235ED00E767D3 /* InsetFactView.swift */; };
		C47B927E2862389D00E767D3 /* InsetMapView.swift in Sources */ = {isa = PBXBuildFile; fileRef = C47B927D2862389D00E767D3 /* InsetMapView.swift */; };
		C47B928028623B8A00E767D3 /* ExtarnalWeblinkView.swift in Sources */ = {isa = PBXBuildFile; fileRef = C47B927F28623B8A00E767D3 /* ExtarnalWeblinkView.swift */; };
		C47BA06D28618FAF00D1EAFC /* AnimalListItemView.swift in Sources */ = {isa = PBXBuildFile; fileRef = C47BA06C28618FAF00D1EAFC /* AnimalListItemView.swift */; };
		C47BA06F2861918300D1EAFC /* AnimalModel.swift in Sources */ = {isa = PBXBuildFile; fileRef = C47BA06E2861918300D1EAFC /* AnimalModel.swift */; };
		C47BA071286199D700D1EAFC /* AnimalDetailView.swift in Sources */ = {isa = PBXBuildFile; fileRef = C47BA070286199D700D1EAFC /* AnimalDetailView.swift */; };
		C47BA07328619CC300D1EAFC /* HeadingView.swift in Sources */ = {isa = PBXBuildFile; fileRef = C47BA07228619CC300D1EAFC /* HeadingView.swift */; };
		C47BA07528619E5800D1EAFC /* InsetGalleryView.swift in Sources */ = {isa = PBXBuildFile; fileRef = C47BA07428619E5800D1EAFC /* InsetGalleryView.swift */; };
		C47F4E702860F1AB00B4CECF /* covers.json in Resources */ = {isa = PBXBuildFile; fileRef = C47F4E6C2860F1AB00B4CECF /* covers.json */; };
		C47F4E712860F1AB00B4CECF /* animals.json in Resources */ = {isa = PBXBuildFile; fileRef = C47F4E6D2860F1AB00B4CECF /* animals.json */; };
		C47F4E722860F1AB00B4CECF /* locations.json in Resources */ = {isa = PBXBuildFile; fileRef = C47F4E6E2860F1AB00B4CECF /* locations.json */; };
		C47F4E732860F1AB00B4CECF /* videos.json in Resources */ = {isa = PBXBuildFile; fileRef = C47F4E6F2860F1AB00B4CECF /* videos.json */; };
		C47F4E7A2860F2AD00B4CECF /* VideoListView.swift in Sources */ = {isa = PBXBuildFile; fileRef = C47F4E792860F2AD00B4CECF /* VideoListView.swift */; };
		C47F4E7C2860F2C500B4CECF /* MapView.swift in Sources */ = {isa = PBXBuildFile; fileRef = C47F4E7B2860F2C500B4CECF /* MapView.swift */; };
		C47F4E7E2860F2D600B4CECF /* GalleryView.swift in Sources */ = {isa = PBXBuildFile; fileRef = C47F4E7D2860F2D600B4CECF /* GalleryView.swift */; };
		C47F4E802860F2E600B4CECF /* MainView.swift in Sources */ = {isa = PBXBuildFile; fileRef = C47F4E7F2860F2E600B4CECF /* MainView.swift */; };
		C489FFF9286103DB00316C71 /* CoverImageView.swift in Sources */ = {isa = PBXBuildFile; fileRef = C489FFF8286103DB00316C71 /* CoverImageView.swift */; };
		C489FFFC286105A300316C71 /* CoverImageModel.swift in Sources */ = {isa = PBXBuildFile; fileRef = C489FFFB286105A300316C71 /* CoverImageModel.swift */; };
		C489FFFF286106A500316C71 /* CodableBundleExtension.swift in Sources */ = {isa = PBXBuildFile; fileRef = C489FFFE286106A500316C71 /* CodableBundleExtension.swift */; };
		C4CCF4332860EEB90081213C /* Africa_Animals_SwiftUIApp.swift in Sources */ = {isa = PBXBuildFile; fileRef = C4CCF4322860EEB90081213C /* Africa_Animals_SwiftUIApp.swift */; };
		C4CCF4352860EEB90081213C /* ContentView.swift in Sources */ = {isa = PBXBuildFile; fileRef = C4CCF4342860EEB90081213C /* ContentView.swift */; };
		C4CCF4372860EEBD0081213C /* Assets.xcassets in Resources */ = {isa = PBXBuildFile; fileRef = C4CCF4362860EEBD0081213C /* Assets.xcassets */; };
		C4CCF43A2860EEBD0081213C /* Preview Assets.xcassets in Resources */ = {isa = PBXBuildFile; fileRef = C4CCF4392860EEBD0081213C /* Preview Assets.xcassets */; };
		C4CCF44A2860EEE50081213C /* rhino.mp4 in Resources */ = {isa = PBXBuildFile; fileRef = C4CCF4402860EEE20081213C /* rhino.mp4 */; };
		C4CCF44B2860EEE50081213C /* elephant.mp4 in Resources */ = {isa = PBXBuildFile; fileRef = C4CCF4412860EEE20081213C /* elephant.mp4 */; };
		C4CCF44C2860EEE50081213C /* gorilla.mp4 in Resources */ = {isa = PBXBuildFile; fileRef = C4CCF4422860EEE20081213C /* gorilla.mp4 */; };
		C4CCF44D2860EEE50081213C /* hippo.mp4 in Resources */ = {isa = PBXBuildFile; fileRef = C4CCF4432860EEE30081213C /* hippo.mp4 */; };
		C4CCF44E2860EEE50081213C /* giraffe.mp4 in Resources */ = {isa = PBXBuildFile; fileRef = C4CCF4442860EEE30081213C /* giraffe.mp4 */; };
		C4CCF44F2860EEE50081213C /* lioness.mp4 in Resources */ = {isa = PBXBuildFile; fileRef = C4CCF4452860EEE40081213C /* lioness.mp4 */; };
		C4CCF4502860EEE50081213C /* lion.mp4 in Resources */ = {isa = PBXBuildFile; fileRef = C4CCF4462860EEE40081213C /* lion.mp4 */; };
		C4CCF4512860EEE50081213C /* ostrich.mp4 in Resources */ = {isa = PBXBuildFile; fileRef = C4CCF4472860EEE40081213C /* ostrich.mp4 */; };
		C4CCF4522860EEE50081213C /* zebra.mp4 in Resources */ = {isa = PBXBuildFile; fileRef = C4CCF4482860EEE50081213C /* zebra.mp4 */; };
		C4CCF4532860EEE50081213C /* cheetah.mp4 in Resources */ = {isa = PBXBuildFile; fileRef = C4CCF4492860EEE50081213C /* cheetah.mp4 */; };
/* End PBXBuildFile section */

/* Begin PBXFileReference section */
		C47B927B286235ED00E767D3 /* InsetFactView.swift */ = {isa = PBXFileReference; lastKnownFileType = sourcecode.swift; path = InsetFactView.swift; sourceTree = "<group>"; };
		C47B927D2862389D00E767D3 /* InsetMapView.swift */ = {isa = PBXFileReference; lastKnownFileType = sourcecode.swift; path = InsetMapView.swift; sourceTree = "<group>"; };
		C47B927F28623B8A00E767D3 /* ExtarnalWeblinkView.swift */ = {isa = PBXFileReference; lastKnownFileType = sourcecode.swift; path = ExtarnalWeblinkView.swift; sourceTree = "<group>"; };
		C47BA06C28618FAF00D1EAFC /* AnimalListItemView.swift */ = {isa = PBXFileReference; lastKnownFileType = sourcecode.swift; path = AnimalListItemView.swift; sourceTree = "<group>"; };
		C47BA06E2861918300D1EAFC /* AnimalModel.swift */ = {isa = PBXFileReference; lastKnownFileType = sourcecode.swift; path = AnimalModel.swift; sourceTree = "<group>"; };
		C47BA070286199D700D1EAFC /* AnimalDetailView.swift */ = {isa = PBXFileReference; lastKnownFileType = sourcecode.swift; path = AnimalDetailView.swift; sourceTree = "<group>"; };
		C47BA07228619CC300D1EAFC /* HeadingView.swift */ = {isa = PBXFileReference; lastKnownFileType = sourcecode.swift; path = HeadingView.swift; sourceTree = "<group>"; };
		C47BA07428619E5800D1EAFC /* InsetGalleryView.swift */ = {isa = PBXFileReference; lastKnownFileType = sourcecode.swift; path = InsetGalleryView.swift; sourceTree = "<group>"; };
		C47F4E6C2860F1AB00B4CECF /* covers.json */ = {isa = PBXFileReference; fileEncoding = 4; lastKnownFileType = text.json; path = covers.json; sourceTree = "<group>"; };
		C47F4E6D2860F1AB00B4CECF /* animals.json */ = {isa = PBXFileReference; fileEncoding = 4; lastKnownFileType = text.json; path = animals.json; sourceTree = "<group>"; };
		C47F4E6E2860F1AB00B4CECF /* locations.json */ = {isa = PBXFileReference; fileEncoding = 4; lastKnownFileType = text.json; path = locations.json; sourceTree = "<group>"; };
		C47F4E6F2860F1AB00B4CECF /* videos.json */ = {isa = PBXFileReference; fileEncoding = 4; lastKnownFileType = text.json; path = videos.json; sourceTree = "<group>"; };
		C47F4E752860F23300B4CECF /* Info.plist */ = {isa = PBXFileReference; lastKnownFileType = text.plist; path = Info.plist; sourceTree = "<group>"; };
		C47F4E792860F2AD00B4CECF /* VideoListView.swift */ = {isa = PBXFileReference; lastKnownFileType = sourcecode.swift; path = VideoListView.swift; sourceTree = "<group>"; };
		C47F4E7B2860F2C500B4CECF /* MapView.swift */ = {isa = PBXFileReference; lastKnownFileType = sourcecode.swift; path = MapView.swift; sourceTree = "<group>"; };
		C47F4E7D2860F2D600B4CECF /* GalleryView.swift */ = {isa = PBXFileReference; lastKnownFileType = sourcecode.swift; path = GalleryView.swift; sourceTree = "<group>"; };
		C47F4E7F2860F2E600B4CECF /* MainView.swift */ = {isa = PBXFileReference; lastKnownFileType = sourcecode.swift; path = MainView.swift; sourceTree = "<group>"; };
		C489FFF8286103DB00316C71 /* CoverImageView.swift */ = {isa = PBXFileReference; lastKnownFileType = sourcecode.swift; path = CoverImageView.swift; sourceTree = "<group>"; };
		C489FFFB286105A300316C71 /* CoverImageModel.swift */ = {isa = PBXFileReference; lastKnownFileType = sourcecode.swift; path = CoverImageModel.swift; sourceTree = "<group>"; };
		C489FFFE286106A500316C71 /* CodableBundleExtension.swift */ = {isa = PBXFileReference; lastKnownFileType = sourcecode.swift; path = CodableBundleExtension.swift; sourceTree = "<group>"; };
		C4CCF42F2860EEB90081213C /* Africa-Animals-SwiftUI.app */ = {isa = PBXFileReference; explicitFileType = wrapper.application; includeInIndex = 0; path = "Africa-Animals-SwiftUI.app"; sourceTree = BUILT_PRODUCTS_DIR; };
		C4CCF4322860EEB90081213C /* Africa_Animals_SwiftUIApp.swift */ = {isa = PBXFileReference; lastKnownFileType = sourcecode.swift; path = Africa_Animals_SwiftUIApp.swift; sourceTree = "<group>"; };
		C4CCF4342860EEB90081213C /* ContentView.swift */ = {isa = PBXFileReference; lastKnownFileType = sourcecode.swift; path = ContentView.swift; sourceTree = "<group>"; };
		C4CCF4362860EEBD0081213C /* Assets.xcassets */ = {isa = PBXFileReference; lastKnownFileType = folder.assetcatalog; path = Assets.xcassets; sourceTree = "<group>"; };
		C4CCF4392860EEBD0081213C /* Preview Assets.xcassets */ = {isa = PBXFileReference; lastKnownFileType = folder.assetcatalog; path = "Preview Assets.xcassets"; sourceTree = "<group>"; };
		C4CCF4402860EEE20081213C /* rhino.mp4 */ = {isa = PBXFileReference; lastKnownFileType = file; path = rhino.mp4; sourceTree = "<group>"; };
		C4CCF4412860EEE20081213C /* elephant.mp4 */ = {isa = PBXFileReference; lastKnownFileType = file; path = elephant.mp4; sourceTree = "<group>"; };
		C4CCF4422860EEE20081213C /* gorilla.mp4 */ = {isa = PBXFileReference; lastKnownFileType = file; path = gorilla.mp4; sourceTree = "<group>"; };
		C4CCF4432860EEE30081213C /* hippo.mp4 */ = {isa = PBXFileReference; lastKnownFileType = file; path = hippo.mp4; sourceTree = "<group>"; };
		C4CCF4442860EEE30081213C /* giraffe.mp4 */ = {isa = PBXFileReference; lastKnownFileType = file; path = giraffe.mp4; sourceTree = "<group>"; };
		C4CCF4452860EEE40081213C /* lioness.mp4 */ = {isa = PBXFileReference; lastKnownFileType = file; path = lioness.mp4; sourceTree = "<group>"; };
		C4CCF4462860EEE40081213C /* lion.mp4 */ = {isa = PBXFileReference; lastKnownFileType = file; path = lion.mp4; sourceTree = "<group>"; };
		C4CCF4472860EEE40081213C /* ostrich.mp4 */ = {isa = PBXFileReference; lastKnownFileType = file; path = ostrich.mp4; sourceTree = "<group>"; };
		C4CCF4482860EEE50081213C /* zebra.mp4 */ = {isa = PBXFileReference; lastKnownFileType = file; path = zebra.mp4; sourceTree = "<group>"; };
		C4CCF4492860EEE50081213C /* cheetah.mp4 */ = {isa = PBXFileReference; lastKnownFileType = file; path = cheetah.mp4; sourceTree = "<group>"; };
/* End PBXFileReference section */

/* Begin PBXFrameworksBuildPhase section */
		C4CCF42C2860EEB90081213C /* Frameworks */ = {
			isa = PBXFrameworksBuildPhase;
			buildActionMask = 2147483647;
			files = (
			);
			runOnlyForDeploymentPostprocessing = 0;
		};
/* End PBXFrameworksBuildPhase section */

/* Begin PBXGroup section */
		C47F4E742860F1B100B4CECF /* Data */ = {
			isa = PBXGroup;
			children = (
				C47F4E6D2860F1AB00B4CECF /* animals.json */,
				C47F4E6C2860F1AB00B4CECF /* covers.json */,
				C47F4E6E2860F1AB00B4CECF /* locations.json */,
				C47F4E6F2860F1AB00B4CECF /* videos.json */,
			);
			path = Data;
			sourceTree = "<group>";
		};
		C47F4E762860F27700B4CECF /* App */ = {
			isa = PBXGroup;
			children = (
				C4CCF4322860EEB90081213C /* Africa_Animals_SwiftUIApp.swift */,
				C4CCF4342860EEB90081213C /* ContentView.swift */,
				C47F4E792860F2AD00B4CECF /* VideoListView.swift */,
				C47F4E7B2860F2C500B4CECF /* MapView.swift */,
				C47F4E7D2860F2D600B4CECF /* GalleryView.swift */,
				C47F4E7F2860F2E600B4CECF /* MainView.swift */,
			);
			path = App;
			sourceTree = "<group>";
		};
		C489FFF7286103CB00316C71 /* View */ = {
			isa = PBXGroup;
			children = (
				C489FFF8286103DB00316C71 /* CoverImageView.swift */,
				C47BA06C28618FAF00D1EAFC /* AnimalListItemView.swift */,
				C47BA070286199D700D1EAFC /* AnimalDetailView.swift */,
				C47BA07228619CC300D1EAFC /* HeadingView.swift */,
				C47BA07428619E5800D1EAFC /* InsetGalleryView.swift */,
				C47B927B286235ED00E767D3 /* InsetFactView.swift */,
				C47B927D2862389D00E767D3 /* InsetMapView.swift */,
				C47B927F28623B8A00E767D3 /* ExtarnalWeblinkView.swift */,
			);
			path = View;
			sourceTree = "<group>";
		};
		C489FFFA2861058200316C71 /* Model */ = {
			isa = PBXGroup;
			children = (
				C489FFFB286105A300316C71 /* CoverImageModel.swift */,
				C47BA06E2861918300D1EAFC /* AnimalModel.swift */,
			);
			path = Model;
			sourceTree = "<group>";
		};
		C489FFFD2861068800316C71 /* Extension */ = {
			isa = PBXGroup;
			children = (
				C489FFFE286106A500316C71 /* CodableBundleExtension.swift */,
			);
			path = Extension;
			sourceTree = "<group>";
		};
		C4CCF4262860EEB90081213C = {
			isa = PBXGroup;
			children = (
				C4CCF4312860EEB90081213C /* Africa-Animals-SwiftUI */,
				C4CCF4302860EEB90081213C /* Products */,
			);
			sourceTree = "<group>";
		};
		C4CCF4302860EEB90081213C /* Products */ = {
			isa = PBXGroup;
			children = (
				C4CCF42F2860EEB90081213C /* Africa-Animals-SwiftUI.app */,
			);
			name = Products;
			sourceTree = "<group>";
		};
		C4CCF4312860EEB90081213C /* Africa-Animals-SwiftUI */ = {
			isa = PBXGroup;
			children = (
				C489FFFD2861068800316C71 /* Extension */,
				C489FFFA2861058200316C71 /* Model */,
				C489FFF7286103CB00316C71 /* View */,
				C47F4E742860F1B100B4CECF /* Data */,
				C4CCF4542860EEEF0081213C /* Video */,
				C47F4E762860F27700B4CECF /* App */,
				C4CCF4362860EEBD0081213C /* Assets.xcassets */,
				C47F4E752860F23300B4CECF /* Info.plist */,
				C4CCF4382860EEBD0081213C /* Preview Content */,
			);
			path = "Africa-Animals-SwiftUI";
			sourceTree = "<group>";
		};
		C4CCF4382860EEBD0081213C /* Preview Content */ = {
			isa = PBXGroup;
			children = (
				C4CCF4392860EEBD0081213C /* Preview Assets.xcassets */,
			);
			path = "Preview Content";
			sourceTree = "<group>";
		};
		C4CCF4542860EEEF0081213C /* Video */ = {
			isa = PBXGroup;
			children = (
				C4CCF4492860EEE50081213C /* cheetah.mp4 */,
				C4CCF4412860EEE20081213C /* elephant.mp4 */,
				C4CCF4442860EEE30081213C /* giraffe.mp4 */,
				C4CCF4422860EEE20081213C /* gorilla.mp4 */,
				C4CCF4432860EEE30081213C /* hippo.mp4 */,
				C4CCF4462860EEE40081213C /* lion.mp4 */,
				C4CCF4452860EEE40081213C /* lioness.mp4 */,
				C4CCF4472860EEE40081213C /* ostrich.mp4 */,
				C4CCF4402860EEE20081213C /* rhino.mp4 */,
				C4CCF4482860EEE50081213C /* zebra.mp4 */,
			);
			path = Video;
			sourceTree = "<group>";
		};
/* End PBXGroup section */

/* Begin PBXNativeTarget section */
		C4CCF42E2860EEB90081213C /* Africa-Animals-SwiftUI */ = {
			isa = PBXNativeTarget;
			buildConfigurationList = C4CCF43D2860EEBD0081213C /* Build configuration list for PBXNativeTarget "Africa-Animals-SwiftUI" */;
			buildPhases = (
				C4CCF42B2860EEB90081213C /* Sources */,
				C4CCF42C2860EEB90081213C /* Frameworks */,
				C4CCF42D2860EEB90081213C /* Resources */,
			);
			buildRules = (
			);
			dependencies = (
			);
			name = "Africa-Animals-SwiftUI";
			productName = "Africa-Animals-SwiftUI";
			productReference = C4CCF42F2860EEB90081213C /* Africa-Animals-SwiftUI.app */;
			productType = "com.apple.product-type.application";
		};
/* End PBXNativeTarget section */

/* Begin PBXProject section */
		C4CCF4272860EEB90081213C /* Project object */ = {
			isa = PBXProject;
			attributes = {
				BuildIndependentTargetsInParallel = 1;
				LastSwiftUpdateCheck = 1340;
				LastUpgradeCheck = 1340;
				TargetAttributes = {
					C4CCF42E2860EEB90081213C = {
						CreatedOnToolsVersion = 13.4.1;
					};
				};
			};
			buildConfigurationList = C4CCF42A2860EEB90081213C /* Build configuration list for PBXProject "Africa-Animals-SwiftUI" */;
			compatibilityVersion = "Xcode 13.0";
			developmentRegion = en;
			hasScannedForEncodings = 0;
			knownRegions = (
				en,
				Base,
			);
			mainGroup = C4CCF4262860EEB90081213C;
			productRefGroup = C4CCF4302860EEB90081213C /* Products */;
			projectDirPath = "";
			projectRoot = "";
			targets = (
				C4CCF42E2860EEB90081213C /* Africa-Animals-SwiftUI */,
			);
		};
/* End PBXProject section */

/* Begin PBXResourcesBuildPhase section */
		C4CCF42D2860EEB90081213C /* Resources */ = {
			isa = PBXResourcesBuildPhase;
			buildActionMask = 2147483647;
			files = (
				C47F4E702860F1AB00B4CECF /* covers.json in Resources */,
				C4CCF44B2860EEE50081213C /* elephant.mp4 in Resources */,
				C4CCF44A2860EEE50081213C /* rhino.mp4 in Resources */,
				C4CCF44C2860EEE50081213C /* gorilla.mp4 in Resources */,
				C4CCF43A2860EEBD0081213C /* Preview Assets.xcassets in Resources */,
				C4CCF44D2860EEE50081213C /* hippo.mp4 in Resources */,
				C4CCF44E2860EEE50081213C /* giraffe.mp4 in Resources */,
				C47F4E722860F1AB00B4CECF /* locations.json in Resources */,
				C47F4E712860F1AB00B4CECF /* animals.json in Resources */,
				C4CCF4522860EEE50081213C /* zebra.mp4 in Resources */,
				C4CCF4372860EEBD0081213C /* Assets.xcassets in Resources */,
				C4CCF4532860EEE50081213C /* cheetah.mp4 in Resources */,
				C4CCF4502860EEE50081213C /* lion.mp4 in Resources */,
				C47F4E732860F1AB00B4CECF /* videos.json in Resources */,
				C4CCF4512860EEE50081213C /* ostrich.mp4 in Resources */,
				C4CCF44F2860EEE50081213C /* lioness.mp4 in Resources */,
			);
			runOnlyForDeploymentPostprocessing = 0;
		};
/* End PBXResourcesBuildPhase section */

/* Begin PBXSourcesBuildPhase section */
		C4CCF42B2860EEB90081213C /* Sources */ = {
			isa = PBXSourcesBuildPhase;
			buildActionMask = 2147483647;
			files = (
				C4CCF4352860EEB90081213C /* ContentView.swift in Sources */,
				C47BA06D28618FAF00D1EAFC /* AnimalListItemView.swift in Sources */,
				C47F4E802860F2E600B4CECF /* MainView.swift in Sources */,
				C47B928028623B8A00E767D3 /* ExtarnalWeblinkView.swift in Sources */,
				C47B927C286235ED00E767D3 /* InsetFactView.swift in Sources */,
				C489FFF9286103DB00316C71 /* CoverImageView.swift in Sources */,
				C489FFFC286105A300316C71 /* CoverImageModel.swift in Sources */,
				C47BA071286199D700D1EAFC /* AnimalDetailView.swift in Sources */,
				C47BA06F2861918300D1EAFC /* AnimalModel.swift in Sources */,
				C47F4E7C2860F2C500B4CECF /* MapView.swift in Sources */,
				C47B927E2862389D00E767D3 /* InsetMapView.swift in Sources */,
				C4CCF4332860EEB90081213C /* Africa_Animals_SwiftUIApp.swift in Sources */,
				C47F4E7A2860F2AD00B4CECF /* VideoListView.swift in Sources */,
				C47F4E7E2860F2D600B4CECF /* GalleryView.swift in Sources */,
				C47BA07528619E5800D1EAFC /* InsetGalleryView.swift in Sources */,
				C489FFFF286106A500316C71 /* CodableBundleExtension.swift in Sources */,
				C47BA07328619CC300D1EAFC /* HeadingView.swift in Sources */,
			);
			runOnlyForDeploymentPostprocessing = 0;
		};
/* End PBXSourcesBuildPhase section */

/* Begin XCBuildConfiguration section */
		C4CCF43B2860EEBD0081213C /* Debug */ = {
			isa = XCBuildConfiguration;
			buildSettings = {
				ALWAYS_SEARCH_USER_PATHS = NO;
				CLANG_ANALYZER_NONNULL = YES;
				CLANG_ANALYZER_NUMBER_OBJECT_CONVERSION = YES_AGGRESSIVE;
				CLANG_CXX_LANGUAGE_STANDARD = "gnu++17";
				CLANG_ENABLE_MODULES = YES;
				CLANG_ENABLE_OBJC_ARC = YES;
				CLANG_ENABLE_OBJC_WEAK = YES;
				CLANG_WARN_BLOCK_CAPTURE_AUTORELEASING = YES;
				CLANG_WARN_BOOL_CONVERSION = YES;
				CLANG_WARN_COMMA = YES;
				CLANG_WARN_CONSTANT_CONVERSION = YES;
				CLANG_WARN_DEPRECATED_OBJC_IMPLEMENTATIONS = YES;
				CLANG_WARN_DIRECT_OBJC_ISA_USAGE = YES_ERROR;
				CLANG_WARN_DOCUMENTATION_COMMENTS = YES;
				CLANG_WARN_EMPTY_BODY = YES;
				CLANG_WARN_ENUM_CONVERSION = YES;
				CLANG_WARN_INFINITE_RECURSION = YES;
				CLANG_WARN_INT_CONVERSION = YES;
				CLANG_WARN_NON_LITERAL_NULL_CONVERSION = YES;
				CLANG_WARN_OBJC_IMPLICIT_RETAIN_SELF = YES;
				CLANG_WARN_OBJC_LITERAL_CONVERSION = YES;
				CLANG_WARN_OBJC_ROOT_CLASS = YES_ERROR;
				CLANG_WARN_QUOTED_INCLUDE_IN_FRAMEWORK_HEADER = YES;
				CLANG_WARN_RANGE_LOOP_ANALYSIS = YES;
				CLANG_WARN_STRICT_PROTOTYPES = YES;
				CLANG_WARN_SUSPICIOUS_MOVE = YES;
				CLANG_WARN_UNGUARDED_AVAILABILITY = YES_AGGRESSIVE;
				CLANG_WARN_UNREACHABLE_CODE = YES;
				CLANG_WARN__DUPLICATE_METHOD_MATCH = YES;
				COPY_PHASE_STRIP = NO;
				DEBUG_INFORMATION_FORMAT = dwarf;
				ENABLE_STRICT_OBJC_MSGSEND = YES;
				ENABLE_TESTABILITY = YES;
				GCC_C_LANGUAGE_STANDARD = gnu11;
				GCC_DYNAMIC_NO_PIC = NO;
				GCC_NO_COMMON_BLOCKS = YES;
				GCC_OPTIMIZATION_LEVEL = 0;
				GCC_PREPROCESSOR_DEFINITIONS = (
					"DEBUG=1",
					"$(inherited)",
				);
				GCC_WARN_64_TO_32_BIT_CONVERSION = YES;
				GCC_WARN_ABOUT_RETURN_TYPE = YES_ERROR;
				GCC_WARN_UNDECLARED_SELECTOR = YES;
				GCC_WARN_UNINITIALIZED_AUTOS = YES_AGGRESSIVE;
				GCC_WARN_UNUSED_FUNCTION = YES;
				GCC_WARN_UNUSED_VARIABLE = YES;
				IPHONEOS_DEPLOYMENT_TARGET = 15.5;
				MTL_ENABLE_DEBUG_INFO = INCLUDE_SOURCE;
				MTL_FAST_MATH = YES;
				ONLY_ACTIVE_ARCH = YES;
				SDKROOT = iphoneos;
				SWIFT_ACTIVE_COMPILATION_CONDITIONS = DEBUG;
				SWIFT_OPTIMIZATION_LEVEL = "-Onone";
			};
			name = Debug;
		};
		C4CCF43C2860EEBD0081213C /* Release */ = {
			isa = XCBuildConfiguration;
			buildSettings = {
				ALWAYS_SEARCH_USER_PATHS = NO;
				CLANG_ANALYZER_NONNULL = YES;
				CLANG_ANALYZER_NUMBER_OBJECT_CONVERSION = YES_AGGRESSIVE;
				CLANG_CXX_LANGUAGE_STANDARD = "gnu++17";
				CLANG_ENABLE_MODULES = YES;
				CLANG_ENABLE_OBJC_ARC = YES;
				CLANG_ENABLE_OBJC_WEAK = YES;
				CLANG_WARN_BLOCK_CAPTURE_AUTORELEASING = YES;
				CLANG_WARN_BOOL_CONVERSION = YES;
				CLANG_WARN_COMMA = YES;
				CLANG_WARN_CONSTANT_CONVERSION = YES;
				CLANG_WARN_DEPRECATED_OBJC_IMPLEMENTATIONS = YES;
				CLANG_WARN_DIRECT_OBJC_ISA_USAGE = YES_ERROR;
				CLANG_WARN_DOCUMENTATION_COMMENTS = YES;
				CLANG_WARN_EMPTY_BODY = YES;
				CLANG_WARN_ENUM_CONVERSION = YES;
				CLANG_WARN_INFINITE_RECURSION = YES;
				CLANG_WARN_INT_CONVERSION = YES;
				CLANG_WARN_NON_LITERAL_NULL_CONVERSION = YES;
				CLANG_WARN_OBJC_IMPLICIT_RETAIN_SELF = YES;
				CLANG_WARN_OBJC_LITERAL_CONVERSION = YES;
				CLANG_WARN_OBJC_ROOT_CLASS = YES_ERROR;
				CLANG_WARN_QUOTED_INCLUDE_IN_FRAMEWORK_HEADER = YES;
				CLANG_WARN_RANGE_LOOP_ANALYSIS = YES;
				CLANG_WARN_STRICT_PROTOTYPES = YES;
				CLANG_WARN_SUSPICIOUS_MOVE = YES;
				CLANG_WARN_UNGUARDED_AVAILABILITY = YES_AGGRESSIVE;
				CLANG_WARN_UNREACHABLE_CODE = YES;
				CLANG_WARN__DUPLICATE_METHOD_MATCH = YES;
				COPY_PHASE_STRIP = NO;
				DEBUG_INFORMATION_FORMAT = "dwarf-with-dsym";
				ENABLE_NS_ASSERTIONS = NO;
				ENABLE_STRICT_OBJC_MSGSEND = YES;
				GCC_C_LANGUAGE_STANDARD = gnu11;
				GCC_NO_COMMON_BLOCKS = YES;
				GCC_WARN_64_TO_32_BIT_CONVERSION = YES;
				GCC_WARN_ABOUT_RETURN_TYPE = YES_ERROR;
				GCC_WARN_UNDECLARED_SELECTOR = YES;
				GCC_WARN_UNINITIALIZED_AUTOS = YES_AGGRESSIVE;
				GCC_WARN_UNUSED_FUNCTION = YES;
				GCC_WARN_UNUSED_VARIABLE = YES;
				IPHONEOS_DEPLOYMENT_TARGET = 15.5;
				MTL_ENABLE_DEBUG_INFO = NO;
				MTL_FAST_MATH = YES;
				SDKROOT = iphoneos;
				SWIFT_COMPILATION_MODE = wholemodule;
				SWIFT_OPTIMIZATION_LEVEL = "-O";
				VALIDATE_PRODUCT = YES;
			};
			name = Release;
		};
		C4CCF43E2860EEBD0081213C /* Debug */ = {
			isa = XCBuildConfiguration;
			buildSettings = {
				ASSETCATALOG_COMPILER_APPICON_NAME = AppIcon;
				ASSETCATALOG_COMPILER_GLOBAL_ACCENT_COLOR_NAME = AccentColor;
				CODE_SIGN_STYLE = Automatic;
				CURRENT_PROJECT_VERSION = 1;
				DEVELOPMENT_ASSET_PATHS = "\"Africa-Animals-SwiftUI/Preview Content\"";
				DEVELOPMENT_TEAM = 5XZHHC4623;
				ENABLE_PREVIEWS = YES;
				GENERATE_INFOPLIST_FILE = YES;
				INFOPLIST_FILE = "Africa-Animals-SwiftUI/Info.plist";
				INFOPLIST_KEY_UIApplicationSceneManifest_Generation = YES;
				INFOPLIST_KEY_UIApplicationSupportsIndirectInputEvents = YES;
				INFOPLIST_KEY_UISupportedInterfaceOrientations = UIInterfaceOrientationPortrait;
				INFOPLIST_KEY_UISupportedInterfaceOrientations_iPad = "UIInterfaceOrientationPortrait UIInterfaceOrientationPortraitUpsideDown UIInterfaceOrientationLandscapeLeft UIInterfaceOrientationLandscapeRight";
				INFOPLIST_KEY_UISupportedInterfaceOrientations_iPhone = "UIInterfaceOrientationPortrait UIInterfaceOrientationLandscapeLeft UIInterfaceOrientationLandscapeRight";
				INFOPLIST_KEY_UIUserInterfaceStyle = Dark;
				LD_RUNPATH_SEARCH_PATHS = (
					"$(inherited)",
					"@executable_path/Frameworks",
				);
				MARKETING_VERSION = 1.0;
				PRODUCT_BUNDLE_IDENTIFIER = "com.hakkicansengonul.Africa-Animals-SwiftUI";
				PRODUCT_NAME = "$(TARGET_NAME)";
				SWIFT_EMIT_LOC_STRINGS = YES;
				SWIFT_VERSION = 5.0;
				TARGETED_DEVICE_FAMILY = "1,2";
			};
			name = Debug;
		};
		C4CCF43F2860EEBD0081213C /* Release */ = {
			isa = XCBuildConfiguration;
			buildSettings = {
				ASSETCATALOG_COMPILER_APPICON_NAME = AppIcon;
				ASSETCATALOG_COMPILER_GLOBAL_ACCENT_COLOR_NAME = AccentColor;
				CODE_SIGN_STYLE = Automatic;
				CURRENT_PROJECT_VERSION = 1;
				DEVELOPMENT_ASSET_PATHS = "\"Africa-Animals-SwiftUI/Preview Content\"";
				DEVELOPMENT_TEAM = 5XZHHC4623;
				ENABLE_PREVIEWS = YES;
				GENERATE_INFOPLIST_FILE = YES;
				INFOPLIST_FILE = "Africa-Animals-SwiftUI/Info.plist";
				INFOPLIST_KEY_UIApplicationSceneManifest_Generation = YES;
				INFOPLIST_KEY_UIApplicationSupportsIndirectInputEvents = YES;
				INFOPLIST_KEY_UISupportedInterfaceOrientations = UIInterfaceOrientationPortrait;
				INFOPLIST_KEY_UISupportedInterfaceOrientations_iPad = "UIInterfaceOrientationPortrait UIInterfaceOrientationPortraitUpsideDown UIInterfaceOrientationLandscapeLeft UIInterfaceOrientationLandscapeRight";
				INFOPLIST_KEY_UISupportedInterfaceOrientations_iPhone = "UIInterfaceOrientationPortrait UIInterfaceOrientationLandscapeLeft UIInterfaceOrientationLandscapeRight";
				INFOPLIST_KEY_UIUserInterfaceStyle = Dark;
				LD_RUNPATH_SEARCH_PATHS = (
					"$(inherited)",
					"@executable_path/Frameworks",
				);
				MARKETING_VERSION = 1.0;
				PRODUCT_BUNDLE_IDENTIFIER = "com.hakkicansengonul.Africa-Animals-SwiftUI";
				PRODUCT_NAME = "$(TARGET_NAME)";
				SWIFT_EMIT_LOC_STRINGS = YES;
				SWIFT_VERSION = 5.0;
				TARGETED_DEVICE_FAMILY = "1,2";
			};
			name = Release;
		};
/* End XCBuildConfiguration section */

/* Begin XCConfigurationList section */
		C4CCF42A2860EEB90081213C /* Build configuration list for PBXProject "Africa-Animals-SwiftUI" */ = {
			isa = XCConfigurationList;
			buildConfigurations = (
				C4CCF43B2860EEBD0081213C /* Debug */,
				C4CCF43C2860EEBD0081213C /* Release */,
			);
			defaultConfigurationIsVisible = 0;
			defaultConfigurationName = Release;
		};
		C4CCF43D2860EEBD0081213C /* Build configuration list for PBXNativeTarget "Africa-Animals-SwiftUI" */ = {
			isa = XCConfigurationList;
			buildConfigurations = (
				C4CCF43E2860EEBD0081213C /* Debug */,
				C4CCF43F2860EEBD0081213C /* Release */,
			);
			defaultConfigurationIsVisible = 0;
			defaultConfigurationName = Release;
		};
/* End XCConfigurationList section */
	};
	rootObject = C4CCF4272860EEB90081213C /* Project object */;
}
